// !$*UTF8*$!
{
	archiveVersion = 1;
	classes = {
	};
	objectVersion = 51;
	objects = {

/* Begin PBXBuildFile section */
		A3D6252536E97C232EA25919 /* Pods_NTUCChallange.framework in Frameworks */ = {isa = PBXBuildFile; fileRef = B2ADD0EBD60CE8901EE8A249 /* Pods_NTUCChallange.framework */; };
		B02998E72691BCD7009E5896 /* UILabel.swift in Sources */ = {isa = PBXBuildFile; fileRef = B02998E62691BCD7009E5896 /* UILabel.swift */; };
		B02998E92691BD45009E5896 /* dummydata.json in Resources */ = {isa = PBXBuildFile; fileRef = B02998E82691BD45009E5896 /* dummydata.json */; };
		B0ECF660268F034600E3FCD4 /* AppDelegate.swift in Sources */ = {isa = PBXBuildFile; fileRef = B0ECF65F268F034600E3FCD4 /* AppDelegate.swift */; };
		B0ECF662268F034600E3FCD4 /* SceneDelegate.swift in Sources */ = {isa = PBXBuildFile; fileRef = B0ECF661268F034600E3FCD4 /* SceneDelegate.swift */; };
		B0ECF664268F034600E3FCD4 /* CarouselController.swift in Sources */ = {isa = PBXBuildFile; fileRef = B0ECF663268F034600E3FCD4 /* CarouselController.swift */; };
		B0ECF667268F034600E3FCD4 /* Main.storyboard in Resources */ = {isa = PBXBuildFile; fileRef = B0ECF665268F034600E3FCD4 /* Main.storyboard */; };
		B0ECF669268F034700E3FCD4 /* Assets.xcassets in Resources */ = {isa = PBXBuildFile; fileRef = B0ECF668268F034700E3FCD4 /* Assets.xcassets */; };
		B0ECF66C268F034700E3FCD4 /* LaunchScreen.storyboard in Resources */ = {isa = PBXBuildFile; fileRef = B0ECF66A268F034700E3FCD4 /* LaunchScreen.storyboard */; };
		B0EF301D26917A5300FBDB5D /* ListController.swift in Sources */ = {isa = PBXBuildFile; fileRef = B0EF301C26917A5300FBDB5D /* ListController.swift */; };
		B0EF30202691AFD800FBDB5D /* CourseViewCell.swift in Sources */ = {isa = PBXBuildFile; fileRef = B0EF301F2691AFD800FBDB5D /* CourseViewCell.swift */; };
		B0EF30232691AFFD00FBDB5D /* Timeline.swift in Sources */ = {isa = PBXBuildFile; fileRef = B0EF30222691AFFD00FBDB5D /* Timeline.swift */; };
		B0EF30252691B01500FBDB5D /* Course.swift in Sources */ = {isa = PBXBuildFile; fileRef = B0EF30242691B01500FBDB5D /* Course.swift */; };
		B0EF30272691B07C00FBDB5D /* CollectionViewCell.swift in Sources */ = {isa = PBXBuildFile; fileRef = B0EF30262691B07C00FBDB5D /* CollectionViewCell.swift */; };
		B0EF302B2691B11A00FBDB5D /* HomeController.swift in Sources */ = {isa = PBXBuildFile; fileRef = B0EF302A2691B11A00FBDB5D /* HomeController.swift */; };
/* End PBXBuildFile section */

/* Begin PBXFileReference section */
		87B916FAEB9D24C4AE248C2A /* Pods-NTUCChallange.debug.xcconfig */ = {isa = PBXFileReference; includeInIndex = 1; lastKnownFileType = text.xcconfig; name = "Pods-NTUCChallange.debug.xcconfig"; path = "Target Support Files/Pods-NTUCChallange/Pods-NTUCChallange.debug.xcconfig"; sourceTree = "<group>"; };
		B02998E62691BCD7009E5896 /* UILabel.swift */ = {isa = PBXFileReference; lastKnownFileType = sourcecode.swift; path = UILabel.swift; sourceTree = "<group>"; };
		B02998E82691BD45009E5896 /* dummydata.json */ = {isa = PBXFileReference; lastKnownFileType = text.json; path = dummydata.json; sourceTree = "<group>"; };
		B0ECF65C268F034600E3FCD4 /* NTUCChallange.app */ = {isa = PBXFileReference; explicitFileType = wrapper.application; includeInIndex = 0; path = NTUCChallange.app; sourceTree = BUILT_PRODUCTS_DIR; };
		B0ECF65F268F034600E3FCD4 /* AppDelegate.swift */ = {isa = PBXFileReference; lastKnownFileType = sourcecode.swift; path = AppDelegate.swift; sourceTree = "<group>"; };
		B0ECF661268F034600E3FCD4 /* SceneDelegate.swift */ = {isa = PBXFileReference; lastKnownFileType = sourcecode.swift; path = SceneDelegate.swift; sourceTree = "<group>"; };
		B0ECF663268F034600E3FCD4 /* CarouselController.swift */ = {isa = PBXFileReference; lastKnownFileType = sourcecode.swift; path = CarouselController.swift; sourceTree = "<group>"; };
		B0ECF666268F034600E3FCD4 /* Base */ = {isa = PBXFileReference; lastKnownFileType = file.storyboard; name = Base; path = Base.lproj/Main.storyboard; sourceTree = "<group>"; };
		B0ECF668268F034700E3FCD4 /* Assets.xcassets */ = {isa = PBXFileReference; lastKnownFileType = folder.assetcatalog; path = Assets.xcassets; sourceTree = "<group>"; };
		B0ECF66B268F034700E3FCD4 /* Base */ = {isa = PBXFileReference; lastKnownFileType = file.storyboard; name = Base; path = Base.lproj/LaunchScreen.storyboard; sourceTree = "<group>"; };
		B0ECF66D268F034700E3FCD4 /* Info.plist */ = {isa = PBXFileReference; lastKnownFileType = text.plist.xml; path = Info.plist; sourceTree = "<group>"; };
		B0EF301C26917A5300FBDB5D /* ListController.swift */ = {isa = PBXFileReference; lastKnownFileType = sourcecode.swift; path = ListController.swift; sourceTree = "<group>"; };
		B0EF301F2691AFD800FBDB5D /* CourseViewCell.swift */ = {isa = PBXFileReference; lastKnownFileType = sourcecode.swift; path = CourseViewCell.swift; sourceTree = "<group>"; };
		B0EF30222691AFFD00FBDB5D /* Timeline.swift */ = {isa = PBXFileReference; lastKnownFileType = sourcecode.swift; path = Timeline.swift; sourceTree = "<group>"; };
		B0EF30242691B01500FBDB5D /* Course.swift */ = {isa = PBXFileReference; lastKnownFileType = sourcecode.swift; path = Course.swift; sourceTree = "<group>"; };
		B0EF30262691B07C00FBDB5D /* CollectionViewCell.swift */ = {isa = PBXFileReference; lastKnownFileType = sourcecode.swift; path = CollectionViewCell.swift; sourceTree = "<group>"; };
		B0EF302A2691B11A00FBDB5D /* HomeController.swift */ = {isa = PBXFileReference; lastKnownFileType = sourcecode.swift; path = HomeController.swift; sourceTree = "<group>"; };
		B2ADD0EBD60CE8901EE8A249 /* Pods_NTUCChallange.framework */ = {isa = PBXFileReference; explicitFileType = wrapper.framework; includeInIndex = 0; path = Pods_NTUCChallange.framework; sourceTree = BUILT_PRODUCTS_DIR; };
		C9B623782974C7485A9453B6 /* Pods-NTUCChallange.release.xcconfig */ = {isa = PBXFileReference; includeInIndex = 1; lastKnownFileType = text.xcconfig; name = "Pods-NTUCChallange.release.xcconfig"; path = "Target Support Files/Pods-NTUCChallange/Pods-NTUCChallange.release.xcconfig"; sourceTree = "<group>"; };
/* End PBXFileReference section */

/* Begin PBXFrameworksBuildPhase section */
		B0ECF659268F034600E3FCD4 /* Frameworks */ = {
			isa = PBXFrameworksBuildPhase;
			buildActionMask = 2147483647;
			files = (
				A3D6252536E97C232EA25919 /* Pods_NTUCChallange.framework in Frameworks */,
			);
			runOnlyForDeploymentPostprocessing = 0;
		};
/* End PBXFrameworksBuildPhase section */

/* Begin PBXGroup section */
		32E5EF52B9E3D2467151B68B /* Frameworks */ = {
			isa = PBXGroup;
			children = (
				B2ADD0EBD60CE8901EE8A249 /* Pods_NTUCChallange.framework */,
			);
			name = Frameworks;
			sourceTree = "<group>";
		};
		74538657536CD39DDDEE4C71 /* Pods */ = {
			isa = PBXGroup;
			children = (
				87B916FAEB9D24C4AE248C2A /* Pods-NTUCChallange.debug.xcconfig */,
				C9B623782974C7485A9453B6 /* Pods-NTUCChallange.release.xcconfig */,
			);
			path = Pods;
			sourceTree = "<group>";
		};
		B02998E52691BCC9009E5896 /* Extension */ = {
			isa = PBXGroup;
			children = (
				B02998E62691BCD7009E5896 /* UILabel.swift */,
			);
			path = Extension;
			sourceTree = "<group>";
		};
		B0ECF653268F034600E3FCD4 = {
			isa = PBXGroup;
			children = (
				B0ECF65E268F034600E3FCD4 /* NTUCChallange */,
				B0ECF65D268F034600E3FCD4 /* Products */,
				74538657536CD39DDDEE4C71 /* Pods */,
				32E5EF52B9E3D2467151B68B /* Frameworks */,
			);
			sourceTree = "<group>";
		};
		B0ECF65D268F034600E3FCD4 /* Products */ = {
			isa = PBXGroup;
			children = (
				B0ECF65C268F034600E3FCD4 /* NTUCChallange.app */,
			);
			name = Products;
			sourceTree = "<group>";
		};
		B0ECF65E268F034600E3FCD4 /* NTUCChallange */ = {
			isa = PBXGroup;
			children = (
				B0EF30212691AFF100FBDB5D /* Model */,
				B0EF301E2691AFC900FBDB5D /* View */,
				B0EF30292691B10700FBDB5D /* Controller */,
				B02998E52691BCC9009E5896 /* Extension */,
				B0EF30282691B0DC00FBDB5D /* Resources */,
				B0ECF66D268F034700E3FCD4 /* Info.plist */,
			);
			path = NTUCChallange;
			sourceTree = "<group>";
		};
		B0EF301E2691AFC900FBDB5D /* View */ = {
			isa = PBXGroup;
			children = (
				B0EF301F2691AFD800FBDB5D /* CourseViewCell.swift */,
				B0EF30262691B07C00FBDB5D /* CollectionViewCell.swift */,
			);
			path = View;
			sourceTree = "<group>";
		};
		B0EF30212691AFF100FBDB5D /* Model */ = {
			isa = PBXGroup;
			children = (
				B0EF30222691AFFD00FBDB5D /* Timeline.swift */,
				B0EF30242691B01500FBDB5D /* Course.swift */,
			);
			path = Model;
			sourceTree = "<group>";
		};
		B0EF30282691B0DC00FBDB5D /* Resources */ = {
			isa = PBXGroup;
			children = (
				B02998E82691BD45009E5896 /* dummydata.json */,
				B0ECF65F268F034600E3FCD4 /* AppDelegate.swift */,
				B0ECF661268F034600E3FCD4 /* SceneDelegate.swift */,
				B0ECF665268F034600E3FCD4 /* Main.storyboard */,
				B0ECF668268F034700E3FCD4 /* Assets.xcassets */,
				B0ECF66A268F034700E3FCD4 /* LaunchScreen.storyboard */,
			);
			path = Resources;
			sourceTree = "<group>";
		};
		B0EF30292691B10700FBDB5D /* Controller */ = {
			isa = PBXGroup;
			children = (
				B0ECF663268F034600E3FCD4 /* CarouselController.swift */,
				B0EF301C26917A5300FBDB5D /* ListController.swift */,
				B0EF302A2691B11A00FBDB5D /* HomeController.swift */,
			);
			path = Controller;
			sourceTree = "<group>";
		};
/* End PBXGroup section */

/* Begin PBXNativeTarget section */
		B0ECF65B268F034600E3FCD4 /* NTUCChallange */ = {
			isa = PBXNativeTarget;
			buildConfigurationList = B0ECF670268F034700E3FCD4 /* Build configuration list for PBXNativeTarget "NTUCChallange" */;
			buildPhases = (
				3A3BDC02986F784875CB4AC0 /* [CP] Check Pods Manifest.lock */,
				B0ECF658268F034600E3FCD4 /* Sources */,
				B0ECF659268F034600E3FCD4 /* Frameworks */,
				B0ECF65A268F034600E3FCD4 /* Resources */,
				04A593A167A2235AB909708F /* [CP] Embed Pods Frameworks */,
			);
			buildRules = (
			);
			dependencies = (
			);
			name = NTUCChallange;
			productName = NTUCChallange;
			productReference = B0ECF65C268F034600E3FCD4 /* NTUCChallange.app */;
			productType = "com.apple.product-type.application";
		};
/* End PBXNativeTarget section */

/* Begin PBXProject section */
		B0ECF654268F034600E3FCD4 /* Project object */ = {
			isa = PBXProject;
			attributes = {
				LastSwiftUpdateCheck = 1250;
				LastUpgradeCheck = 1250;
				TargetAttributes = {
					B0ECF65B268F034600E3FCD4 = {
						CreatedOnToolsVersion = 12.5.1;
					};
				};
			};
			buildConfigurationList = B0ECF657268F034600E3FCD4 /* Build configuration list for PBXProject "NTUCChallange" */;
			compatibilityVersion = "Xcode 9.3";
			developmentRegion = en;
			hasScannedForEncodings = 0;
			knownRegions = (
				en,
				Base,
			);
			mainGroup = B0ECF653268F034600E3FCD4;
			productRefGroup = B0ECF65D268F034600E3FCD4 /* Products */;
			projectDirPath = "";
			projectRoot = "";
			targets = (
				B0ECF65B268F034600E3FCD4 /* NTUCChallange */,
			);
		};
/* End PBXProject section */

/* Begin PBXResourcesBuildPhase section */
		B0ECF65A268F034600E3FCD4 /* Resources */ = {
			isa = PBXResourcesBuildPhase;
			buildActionMask = 2147483647;
			files = (
				B02998E92691BD45009E5896 /* dummydata.json in Resources */,
				B0ECF66C268F034700E3FCD4 /* LaunchScreen.storyboard in Resources */,
				B0ECF669268F034700E3FCD4 /* Assets.xcassets in Resources */,
				B0ECF667268F034600E3FCD4 /* Main.storyboard in Resources */,
			);
			runOnlyForDeploymentPostprocessing = 0;
		};
/* End PBXResourcesBuildPhase section */

/* Begin PBXShellScriptBuildPhase section */
		04A593A167A2235AB909708F /* [CP] Embed Pods Frameworks */ = {
			isa = PBXShellScriptBuildPhase;
			buildActionMask = 2147483647;
			files = (
			);
			inputFileListPaths = (
				"${PODS_ROOT}/Target Support Files/Pods-NTUCChallange/Pods-NTUCChallange-frameworks-${CONFIGURATION}-input-files.xcfilelist",
			);
			name = "[CP] Embed Pods Frameworks";
			outputFileListPaths = (
				"${PODS_ROOT}/Target Support Files/Pods-NTUCChallange/Pods-NTUCChallange-frameworks-${CONFIGURATION}-output-files.xcfilelist",
			);
			runOnlyForDeploymentPostprocessing = 0;
			shellPath = /bin/sh;
			shellScript = "\"${PODS_ROOT}/Target Support Files/Pods-NTUCChallange/Pods-NTUCChallange-frameworks.sh\"\n";
			showEnvVarsInLog = 0;
		};
		3A3BDC02986F784875CB4AC0 /* [CP] Check Pods Manifest.lock */ = {
			isa = PBXShellScriptBuildPhase;
			buildActionMask = 2147483647;
			files = (
			);
			inputFileListPaths = (
			);
			inputPaths = (
				"${PODS_PODFILE_DIR_PATH}/Podfile.lock",
				"${PODS_ROOT}/Manifest.lock",
			);
			name = "[CP] Check Pods Manifest.lock";
			outputFileListPaths = (
			);
			outputPaths = (
				"$(DERIVED_FILE_DIR)/Pods-NTUCChallange-checkManifestLockResult.txt",
			);
			runOnlyForDeploymentPostprocessing = 0;
			shellPath = /bin/sh;
			shellScript = "diff \"${PODS_PODFILE_DIR_PATH}/Podfile.lock\" \"${PODS_ROOT}/Manifest.lock\" > /dev/null\nif [ $? != 0 ] ; then\n    # print error to STDERR\n    echo \"error: The sandbox is not in sync with the Podfile.lock. Run 'pod install' or update your CocoaPods installation.\" >&2\n    exit 1\nfi\n# This output is used by Xcode 'outputs' to avoid re-running this script phase.\necho \"SUCCESS\" > \"${SCRIPT_OUTPUT_FILE_0}\"\n";
			showEnvVarsInLog = 0;
		};
/* End PBXShellScriptBuildPhase section */

/* Begin PBXSourcesBuildPhase section */
		B0ECF658268F034600E3FCD4 /* Sources */ = {
			isa = PBXSourcesBuildPhase;
			buildActionMask = 2147483647;
			files = (
				B02998E72691BCD7009E5896 /* UILabel.swift in Sources */,
				B0EF30232691AFFD00FBDB5D /* Timeline.swift in Sources */,
				B0EF30252691B01500FBDB5D /* Course.swift in Sources */,
				B0EF30272691B07C00FBDB5D /* CollectionViewCell.swift in Sources */,
				B0ECF664268F034600E3FCD4 /* CarouselController.swift in Sources */,
				B0ECF660268F034600E3FCD4 /* AppDelegate.swift in Sources */,
				B0EF302B2691B11A00FBDB5D /* HomeController.swift in Sources */,
				B0ECF662268F034600E3FCD4 /* SceneDelegate.swift in Sources */,
				B0EF301D26917A5300FBDB5D /* ListController.swift in Sources */,
				B0EF30202691AFD800FBDB5D /* CourseViewCell.swift in Sources */,
			);
			runOnlyForDeploymentPostprocessing = 0;
		};
/* End PBXSourcesBuildPhase section */

/* Begin PBXVariantGroup section */
		B0ECF665268F034600E3FCD4 /* Main.storyboard */ = {
			isa = PBXVariantGroup;
			children = (
				B0ECF666268F034600E3FCD4 /* Base */,
			);
			name = Main.storyboard;
			sourceTree = "<group>";
		};
		B0ECF66A268F034700E3FCD4 /* LaunchScreen.storyboard */ = {
			isa = PBXVariantGroup;
			children = (
				B0ECF66B268F034700E3FCD4 /* Base */,
			);
			name = LaunchScreen.storyboard;
			sourceTree = "<group>";
		};
/* End PBXVariantGroup section */

/* Begin XCBuildConfiguration section */
		B0ECF66E268F034700E3FCD4 /* Debug */ = {
			isa = XCBuildConfiguration;
			buildSettings = {
				ALWAYS_SEARCH_USER_PATHS = NO;
				CLANG_ANALYZER_NONNULL = YES;
				CLANG_ANALYZER_NUMBER_OBJECT_CONVERSION = YES_AGGRESSIVE;
				CLANG_CXX_LANGUAGE_STANDARD = "gnu++14";
				CLANG_CXX_LIBRARY = "libc++";
				CLANG_ENABLE_MODULES = YES;
				CLANG_ENABLE_OBJC_ARC = YES;
				CLANG_ENABLE_OBJC_WEAK = YES;
				CLANG_WARN_BLOCK_CAPTURE_AUTORELEASING = YES;
				CLANG_WARN_BOOL_CONVERSION = YES;
				CLANG_WARN_COMMA = YES;
				CLANG_WARN_CONSTANT_CONVERSION = YES;
				CLANG_WARN_DEPRECATED_OBJC_IMPLEMENTATIONS = YES;
				CLANG_WARN_DIRECT_OBJC_ISA_USAGE = YES_ERROR;
				CLANG_WARN_DOCUMENTATION_COMMENTS = YES;
				CLANG_WARN_EMPTY_BODY = YES;
				CLANG_WARN_ENUM_CONVERSION = YES;
				CLANG_WARN_INFINITE_RECURSION = YES;
				CLANG_WARN_INT_CONVERSION = YES;
				CLANG_WARN_NON_LITERAL_NULL_CONVERSION = YES;
				CLANG_WARN_OBJC_IMPLICIT_RETAIN_SELF = YES;
				CLANG_WARN_OBJC_LITERAL_CONVERSION = YES;
				CLANG_WARN_OBJC_ROOT_CLASS = YES_ERROR;
				CLANG_WARN_QUOTED_INCLUDE_IN_FRAMEWORK_HEADER = YES;
				CLANG_WARN_RANGE_LOOP_ANALYSIS = YES;
				CLANG_WARN_STRICT_PROTOTYPES = YES;
				CLANG_WARN_SUSPICIOUS_MOVE = YES;
				CLANG_WARN_UNGUARDED_AVAILABILITY = YES_AGGRESSIVE;
				CLANG_WARN_UNREACHABLE_CODE = YES;
				CLANG_WARN__DUPLICATE_METHOD_MATCH = YES;
				COPY_PHASE_STRIP = NO;
				DEBUG_INFORMATION_FORMAT = dwarf;
				ENABLE_STRICT_OBJC_MSGSEND = YES;
				ENABLE_TESTABILITY = YES;
				GCC_C_LANGUAGE_STANDARD = gnu11;
				GCC_DYNAMIC_NO_PIC = NO;
				GCC_NO_COMMON_BLOCKS = YES;
				GCC_OPTIMIZATION_LEVEL = 0;
				GCC_PREPROCESSOR_DEFINITIONS = (
					"DEBUG=1",
					"$(inherited)",
				);
				GCC_WARN_64_TO_32_BIT_CONVERSION = YES;
				GCC_WARN_ABOUT_RETURN_TYPE = YES_ERROR;
				GCC_WARN_UNDECLARED_SELECTOR = YES;
				GCC_WARN_UNINITIALIZED_AUTOS = YES_AGGRESSIVE;
				GCC_WARN_UNUSED_FUNCTION = YES;
				GCC_WARN_UNUSED_VARIABLE = YES;
				IPHONEOS_DEPLOYMENT_TARGET = 14.5;
				MTL_ENABLE_DEBUG_INFO = INCLUDE_SOURCE;
				MTL_FAST_MATH = YES;
				ONLY_ACTIVE_ARCH = YES;
				SDKROOT = iphoneos;
				SWIFT_ACTIVE_COMPILATION_CONDITIONS = DEBUG;
				SWIFT_OPTIMIZATION_LEVEL = "-Onone";
			};
			name = Debug;
		};
		B0ECF66F268F034700E3FCD4 /* Release */ = {
			isa = XCBuildConfiguration;
			buildSettings = {
				ALWAYS_SEARCH_USER_PATHS = NO;
				CLANG_ANALYZER_NONNULL = YES;
				CLANG_ANALYZER_NUMBER_OBJECT_CONVERSION = YES_AGGRESSIVE;
				CLANG_CXX_LANGUAGE_STANDARD = "gnu++14";
				CLANG_CXX_LIBRARY = "libc++";
				CLANG_ENABLE_MODULES = YES;
				CLANG_ENABLE_OBJC_ARC = YES;
				CLANG_ENABLE_OBJC_WEAK = YES;
				CLANG_WARN_BLOCK_CAPTURE_AUTORELEASING = YES;
				CLANG_WARN_BOOL_CONVERSION = YES;
				CLANG_WARN_COMMA = YES;
				CLANG_WARN_CONSTANT_CONVERSION = YES;
				CLANG_WARN_DEPRECATED_OBJC_IMPLEMENTATIONS = YES;
				CLANG_WARN_DIRECT_OBJC_ISA_USAGE = YES_ERROR;
				CLANG_WARN_DOCUMENTATION_COMMENTS = YES;
				CLANG_WARN_EMPTY_BODY = YES;
				CLANG_WARN_ENUM_CONVERSION = YES;
				CLANG_WARN_INFINITE_RECURSION = YES;
				CLANG_WARN_INT_CONVERSION = YES;
				CLANG_WARN_NON_LITERAL_NULL_CONVERSION = YES;
				CLANG_WARN_OBJC_IMPLICIT_RETAIN_SELF = YES;
				CLANG_WARN_OBJC_LITERAL_CONVERSION = YES;
				CLANG_WARN_OBJC_ROOT_CLASS = YES_ERROR;
				CLANG_WARN_QUOTED_INCLUDE_IN_FRAMEWORK_HEADER = YES;
				CLANG_WARN_RANGE_LOOP_ANALYSIS = YES;
				CLANG_WARN_STRICT_PROTOTYPES = YES;
				CLANG_WARN_SUSPICIOUS_MOVE = YES;
				CLANG_WARN_UNGUARDED_AVAILABILITY = YES_AGGRESSIVE;
				CLANG_WARN_UNREACHABLE_CODE = YES;
				CLANG_WARN__DUPLICATE_METHOD_MATCH = YES;
				COPY_PHASE_STRIP = NO;
				DEBUG_INFORMATION_FORMAT = "dwarf-with-dsym";
				ENABLE_NS_ASSERTIONS = NO;
				ENABLE_STRICT_OBJC_MSGSEND = YES;
				GCC_C_LANGUAGE_STANDARD = gnu11;
				GCC_NO_COMMON_BLOCKS = YES;
				GCC_WARN_64_TO_32_BIT_CONVERSION = YES;
				GCC_WARN_ABOUT_RETURN_TYPE = YES_ERROR;
				GCC_WARN_UNDECLARED_SELECTOR = YES;
				GCC_WARN_UNINITIALIZED_AUTOS = YES_AGGRESSIVE;
				GCC_WARN_UNUSED_FUNCTION = YES;
				GCC_WARN_UNUSED_VARIABLE = YES;
				IPHONEOS_DEPLOYMENT_TARGET = 14.5;
				MTL_ENABLE_DEBUG_INFO = NO;
				MTL_FAST_MATH = YES;
				SDKROOT = iphoneos;
				SWIFT_COMPILATION_MODE = wholemodule;
				SWIFT_OPTIMIZATION_LEVEL = "-O";
				VALIDATE_PRODUCT = YES;
			};
			name = Release;
		};
		B0ECF671268F034700E3FCD4 /* Debug */ = {
			isa = XCBuildConfiguration;
			baseConfigurationReference = 87B916FAEB9D24C4AE248C2A /* Pods-NTUCChallange.debug.xcconfig */;
			buildSettings = {
				ASSETCATALOG_COMPILER_APPICON_NAME = AppIcon;
				ASSETCATALOG_COMPILER_GLOBAL_ACCENT_COLOR_NAME = AccentColor;
				CODE_SIGN_STYLE = Automatic;
				DEVELOPMENT_TEAM = 6S86A3QGS2;
				INFOPLIST_FILE = NTUCChallange/Info.plist;
				LD_RUNPATH_SEARCH_PATHS = (
					"$(inherited)",
					"@executable_path/Frameworks",
				);
				PRODUCT_BUNDLE_IDENTIFIER = com.denny.NTUCChallange;
				PRODUCT_NAME = "$(TARGET_NAME)";
				SWIFT_VERSION = 5.0;
				TARGETED_DEVICE_FAMILY = "1,2";
			};
			name = Debug;
		};
		B0ECF672268F034700E3FCD4 /* Release */ = {
			isa = XCBuildConfiguration;
			baseConfigurationReference = C9B623782974C7485A9453B6 /* Pods-NTUCChallange.release.xcconfig */;
			buildSettings = {
				ASSETCATALOG_COMPILER_APPICON_NAME = AppIcon;
				ASSETCATALOG_COMPILER_GLOBAL_ACCENT_COLOR_NAME = AccentColor;
				CODE_SIGN_STYLE = Automatic;
				DEVELOPMENT_TEAM = 6S86A3QGS2;
				INFOPLIST_FILE = NTUCChallange/Info.plist;
				LD_RUNPATH_SEARCH_PATHS = (
					"$(inherited)",
					"@executable_path/Frameworks",
				);
				PRODUCT_BUNDLE_IDENTIFIER = com.denny.NTUCChallange;
				PRODUCT_NAME = "$(TARGET_NAME)";
				SWIFT_VERSION = 5.0;
				TARGETED_DEVICE_FAMILY = "1,2";
			};
			name = Release;
		};
/* End XCBuildConfiguration section */

/* Begin XCConfigurationList section */
		B0ECF657268F034600E3FCD4 /* Build configuration list for PBXProject "NTUCChallange" */ = {
			isa = XCConfigurationList;
			buildConfigurations = (
				B0ECF66E268F034700E3FCD4 /* Debug */,
				B0ECF66F268F034700E3FCD4 /* Release */,
			);
			defaultConfigurationIsVisible = 0;
			defaultConfigurationName = Release;
		};
		B0ECF670268F034700E3FCD4 /* Build configuration list for PBXNativeTarget "NTUCChallange" */ = {
			isa = XCConfigurationList;
			buildConfigurations = (
				B0ECF671268F034700E3FCD4 /* Debug */,
				B0ECF672268F034700E3FCD4 /* Release */,
			);
			defaultConfigurationIsVisible = 0;
			defaultConfigurationName = Release;
		};
/* End XCConfigurationList section */
	};
	rootObject = B0ECF654268F034600E3FCD4 /* Project object */;
}
